
Microsoft Visual Studio Solution File, Format Version 12.00
# Visual Studio 15
VisualStudioVersion = 15.0.27520.0
MinimumVisualStudioVersion = 10.0.40219.1
Project("{9A19103F-16F7-4668-BE54-9A1E7A4F7556}") = "FinpeApi", "FinpeApi\FinpeApi.csproj", "{AB320C8D-81D0-4000-8E76-BECD3C99EFA4}"
EndProject
Project("{9A19103F-16F7-4668-BE54-9A1E7A4F7556}") = "FinpeApi.Test", "FinpeApi.Test\FinpeApi.Test.csproj", "{BA4EC534-145E-4DA2-A2D5-B43404FF6381}"
EndProject
Global
	GlobalSection(SolutionConfigurationPlatforms) = preSolution
		Debug|Any CPU = Debug|Any CPU
		Release|Any CPU = Release|Any CPU
	EndGlobalSection
	GlobalSection(ProjectConfigurationPlatforms) = postSolution
		{AB320C8D-81D0-4000-8E76-BECD3C99EFA4}.Debug|Any CPU.ActiveCfg = Debug|Any CPU
		{AB320C8D-81D0-4000-8E76-BECD3C99EFA4}.Debug|Any CPU.Build.0 = Debug|Any CPU
		{AB320C8D-81D0-4000-8E76-BECD3C99EFA4}.Release|Any CPU.ActiveCfg = Release|Any CPU
		{AB320C8D-81D0-4000-8E76-BECD3C99EFA4}.Release|Any CPU.Build.0 = Release|Any CPU
		{BA4EC534-145E-4DA2-A2D5-B43404FF6381}.Debug|Any CPU.ActiveCfg = Debug|Any CPU
		{BA4EC534-145E-4DA2-A2D5-B43404FF6381}.Debug|Any CPU.Build.0 = Debug|Any CPU
		{BA4EC534-145E-4DA2-A2D5-B43404FF6381}.Release|Any CPU.ActiveCfg = Release|Any CPU
		{BA4EC534-145E-4DA2-A2D5-B43404FF6381}.Release|Any CPU.Build.0 = Release|Any CPU
	EndGlobalSection
	GlobalSection(SolutionProperties) = preSolution
		HideSolutionNode = FALSE
	EndGlobalSection
	GlobalSection(ExtensibilityGlobals) = postSolution
		SolutionGuid = {8F757DA4-4D1E-400A-B665-03C5298E062E}
	EndGlobalSection
EndGlobal
